
Microsoft Visual Studio Solution File, Format Version 12.00
# Visual Studio 15
VisualStudioVersion = 15.0.28010.2003
MinimumVisualStudioVersion = 10.0.40219.1
Project("{FAE04EC0-301F-11D3-BF4B-00C04F79EFBC}") = "GeradorDeCampoHarmônico", "GeradorDeCampoHarmônico\GeradorDeCampoHarmônico.csproj", "{47398BA2-5E7C-4CEE-9F6D-A17DAB3950EC}"
EndProject
Global
	GlobalSection(SolutionConfigurationPlatforms) = preSolution
		Debug|Any CPU = Debug|Any CPU
		Release|Any CPU = Release|Any CPU
	EndGlobalSection
	GlobalSection(ProjectConfigurationPlatforms) = postSolution
		{47398BA2-5E7C-4CEE-9F6D-A17DAB3950EC}.Debug|Any CPU.ActiveCfg = Debug|Any CPU
		{47398BA2-5E7C-4CEE-9F6D-A17DAB3950EC}.Debug|Any CPU.Build.0 = Debug|Any CPU
		{47398BA2-5E7C-4CEE-9F6D-A17DAB3950EC}.Release|Any CPU.ActiveCfg = Release|Any CPU
		{47398BA2-5E7C-4CEE-9F6D-A17DAB3950EC}.Release|Any CPU.Build.0 = Release|Any CPU
	EndGlobalSection
	GlobalSection(SolutionProperties) = preSolution
		HideSolutionNode = FALSE
	EndGlobalSection
	GlobalSection(ExtensibilityGlobals) = postSolution
		SolutionGuid = {FDDDAADA-B4F2-4EAF-94C3-74A288586246}
	EndGlobalSection
EndGlobal
